
Microsoft Visual Studio Solution File, Format Version 12.00
# Visual Studio Version 17
VisualStudioVersion = 17.0.31423.177
MinimumVisualStudioVersion = 10.0.40219.1
Project("{FAE04EC0-301F-11D3-BF4B-00C04F79EFBC}") = "BlazorDateBindingSample", "BlazorDateBindingSample\BlazorDateBindingSample.csproj", "{18783C0A-B6BB-4214-A88E-4AC23216E3B6}"
EndProject
Global
	GlobalSection(SolutionConfigurationPlatforms) = preSolution
		Debug|Any CPU = Debug|Any CPU
		Release|Any CPU = Release|Any CPU
	EndGlobalSection
	GlobalSection(ProjectConfigurationPlatforms) = postSolution
		{18783C0A-B6BB-4214-A88E-4AC23216E3B6}.Debug|Any CPU.ActiveCfg = Debug|Any CPU
		{18783C0A-B6BB-4214-A88E-4AC23216E3B6}.Debug|Any CPU.Build.0 = Debug|Any CPU
		{18783C0A-B6BB-4214-A88E-4AC23216E3B6}.Release|Any CPU.ActiveCfg = Release|Any CPU
		{18783C0A-B6BB-4214-A88E-4AC23216E3B6}.Release|Any CPU.Build.0 = Release|Any CPU
	EndGlobalSection
	GlobalSection(SolutionProperties) = preSolution
		HideSolutionNode = FALSE
	EndGlobalSection
	GlobalSection(ExtensibilityGlobals) = postSolution
		SolutionGuid = {C3DFC600-401A-497C-AF18-0E91EB4F8F24}
	EndGlobalSection
EndGlobal
